
Microsoft Visual Studio Solution File, Format Version 12.00
# Visual Studio Version 17
VisualStudioVersion = 17.7.34024.191
MinimumVisualStudioVersion = 10.0.40219.1
Project("{FAE04EC0-301F-11D3-BF4B-00C04F79EFBC}") = "assignment2", "assignment2.csproj", "{7BBA95CA-18B8-4855-B3F4-75ACA763BDB4}"
EndProject
Global
	GlobalSection(SolutionConfigurationPlatforms) = preSolution
		Debug|Any CPU = Debug|Any CPU
		Release|Any CPU = Release|Any CPU
	EndGlobalSection
	GlobalSection(ProjectConfigurationPlatforms) = postSolution
		{7BBA95CA-18B8-4855-B3F4-75ACA763BDB4}.Debug|Any CPU.ActiveCfg = Debug|Any CPU
		{7BBA95CA-18B8-4855-B3F4-75ACA763BDB4}.Debug|Any CPU.Build.0 = Debug|Any CPU
		{7BBA95CA-18B8-4855-B3F4-75ACA763BDB4}.Release|Any CPU.ActiveCfg = Release|Any CPU
		{7BBA95CA-18B8-4855-B3F4-75ACA763BDB4}.Release|Any CPU.Build.0 = Release|Any CPU
	EndGlobalSection
	GlobalSection(SolutionProperties) = preSolution
		HideSolutionNode = FALSE
	EndGlobalSection
	GlobalSection(ExtensibilityGlobals) = postSolution
		SolutionGuid = {7E1DDDFD-D542-4A31-B618-46B283C4429D}
	EndGlobalSection
EndGlobal
